
Microsoft Visual Studio Solution File, Format Version 12.00
# Visual Studio Version 16
VisualStudioVersion = 16.0.30717.126
MinimumVisualStudioVersion = 10.0.40219.1
Project("{FAE04EC0-301F-11D3-BF4B-00C04F79EFBC}") = "MusicPlayerApplication", "MusicPlayerApplication\MusicPlayerApplication.csproj", "{BC1B4797-2DCE-448F-B002-BE5DD6A7A762}"
EndProject
Project("{FAE04EC0-301F-11D3-BF4B-00C04F79EFBC}") = "MusicPlayer.UnitTest", "MusicPlayer.UnitTest\MusicPlayer.UnitTest.csproj", "{FAED073A-ED8D-4F5F-BCD0-CAE2A9F7320A}"
EndProject
Project("{FAE04EC0-301F-11D3-BF4B-00C04F79EFBC}") = "MusicPlayer.FunctionalTest", "MusicPlayer.FunctionalTest\MusicPlayer.FunctionalTest.csproj", "{0D2023A9-D7A9-44BA-AAE5-D2E99AD169A7}"
EndProject
Global
	GlobalSection(SolutionConfigurationPlatforms) = preSolution
		Debug|Any CPU = Debug|Any CPU
		Release|Any CPU = Release|Any CPU
	EndGlobalSection
	GlobalSection(ProjectConfigurationPlatforms) = postSolution
		{BC1B4797-2DCE-448F-B002-BE5DD6A7A762}.Debug|Any CPU.ActiveCfg = Debug|Any CPU
		{BC1B4797-2DCE-448F-B002-BE5DD6A7A762}.Debug|Any CPU.Build.0 = Debug|Any CPU
		{BC1B4797-2DCE-448F-B002-BE5DD6A7A762}.Release|Any CPU.ActiveCfg = Release|Any CPU
		{BC1B4797-2DCE-448F-B002-BE5DD6A7A762}.Release|Any CPU.Build.0 = Release|Any CPU
		{FAED073A-ED8D-4F5F-BCD0-CAE2A9F7320A}.Debug|Any CPU.ActiveCfg = Debug|Any CPU
		{FAED073A-ED8D-4F5F-BCD0-CAE2A9F7320A}.Debug|Any CPU.Build.0 = Debug|Any CPU
		{FAED073A-ED8D-4F5F-BCD0-CAE2A9F7320A}.Release|Any CPU.ActiveCfg = Release|Any CPU
		{FAED073A-ED8D-4F5F-BCD0-CAE2A9F7320A}.Release|Any CPU.Build.0 = Release|Any CPU
		{0D2023A9-D7A9-44BA-AAE5-D2E99AD169A7}.Debug|Any CPU.ActiveCfg = Debug|Any CPU
		{0D2023A9-D7A9-44BA-AAE5-D2E99AD169A7}.Debug|Any CPU.Build.0 = Debug|Any CPU
		{0D2023A9-D7A9-44BA-AAE5-D2E99AD169A7}.Release|Any CPU.ActiveCfg = Release|Any CPU
		{0D2023A9-D7A9-44BA-AAE5-D2E99AD169A7}.Release|Any CPU.Build.0 = Release|Any CPU
	EndGlobalSection
	GlobalSection(SolutionProperties) = preSolution
		HideSolutionNode = FALSE
	EndGlobalSection
	GlobalSection(ExtensibilityGlobals) = postSolution
		SolutionGuid = {4A0B24CD-F8BA-43C6-B3D4-EA948E9BBB24}
	EndGlobalSection
EndGlobal
